{
  "name": "@shapeshift-labs/frontier-state-cache-sql",
  "version": "0.1.0",
  "lockfileVersion": 3,
  "requires": true,
  "packages": {
    "": {
      "name": "@shapeshift-labs/frontier-state-cache-sql",
      "version": "0.1.0",
      "license": "MIT",
      "dependencies": {
        "@shapeshift-labs/frontier-state-cache": "0.1.2"
      },
      "devDependencies": {
        "typescript": "^6.0.3"
      },
      "engines": {
        "node": ">=18"
      }
    },
    "../frontier": {
      "name": "@shapeshift-labs/frontier",
      "version": "0.1.9",
      "license": "MIT",
      "devDependencies": {
        "typescript": "^6.0.3"
      },
      "engines": {
        "node": ">=18"
      }
    },
    "../frontier-mutation-standalone": {
      "name": "@shapeshift-labs/frontier-mutation",
      "version": "0.1.4",
      "dev": true,
      "license": "MIT",
      "devDependencies": {
        "@shapeshift-labs/frontier": "0.1.9",
        "@shapeshift-labs/frontier-query": "0.1.2",
        "typescript": "^6.0.3"
      },
      "peerDependencies": {
        "@shapeshift-labs/frontier": "0.1.9",
        "@shapeshift-labs/frontier-query": "0.1.2"
      }
    },
    "../frontier-mutation-standalone/node_modules/@shapeshift-labs/frontier": {
      "version": "0.1.5",
      "dev": true,
      "license": "MIT",
      "engines": {
        "node": ">=18"
      }
    },
    "../frontier-mutation-standalone/node_modules/@shapeshift-labs/frontier-query": {
      "version": "0.1.0",
      "dev": true,
      "license": "MIT",
      "engines": {
        "node": ">=18"
      }
    },
    "../frontier-mutation-standalone/node_modules/typescript": {
      "version": "6.0.3",
      "dev": true,
      "license": "Apache-2.0",
      "bin": {
        "tsc": "bin/tsc",
        "tsserver": "bin/tsserver"
      },
      "engines": {
        "node": ">=14.17"
      }
    },
    "../frontier-query-standalone": {
      "name": "@shapeshift-labs/frontier-query",
      "version": "0.1.2",
      "license": "MIT",
      "devDependencies": {
        "typescript": "^6.0.3"
      },
      "engines": {
        "node": ">=18"
      }
    },
    "../frontier-query-standalone/node_modules/typescript": {
      "version": "6.0.3",
      "dev": true,
      "license": "Apache-2.0",
      "bin": {
        "tsc": "bin/tsc",
        "tsserver": "bin/tsserver"
      },
      "engines": {
        "node": ">=14.17"
      }
    },
    "../frontier-state-cache": {
      "name": "@shapeshift-labs/frontier-state-cache",
      "version": "0.1.2",
      "license": "MIT",
      "dependencies": {
        "@shapeshift-labs/frontier": "0.1.9",
        "@shapeshift-labs/frontier-query": "0.1.2"
      },
      "devDependencies": {
        "@shapeshift-labs/frontier-mutation": "0.1.4",
        "typescript": "^6.0.3"
      },
      "engines": {
        "node": ">=18"
      },
      "peerDependencies": {
        "@shapeshift-labs/frontier-mutation": "0.1.4"
      },
      "peerDependenciesMeta": {
        "@shapeshift-labs/frontier-mutation": {
          "optional": true
        }
      }
    },
    "../frontier-state-cache/node_modules/@shapeshift-labs/frontier": {
      "resolved": "../frontier",
      "link": true
    },
    "../frontier-state-cache/node_modules/@shapeshift-labs/frontier-mutation": {
      "resolved": "../frontier-mutation-standalone",
      "link": true
    },
    "../frontier-state-cache/node_modules/@shapeshift-labs/frontier-query": {
      "resolved": "../frontier-query-standalone",
      "link": true
    },
    "../frontier-state-cache/node_modules/typescript": {
      "version": "6.0.3",
      "dev": true,
      "license": "Apache-2.0",
      "bin": {
        "tsc": "bin/tsc",
        "tsserver": "bin/tsserver"
      },
      "engines": {
        "node": ">=14.17"
      }
    },
    "../frontier/node_modules/typescript": {
      "version": "6.0.3",
      "dev": true,
      "license": "Apache-2.0",
      "bin": {
        "tsc": "bin/tsc",
        "tsserver": "bin/tsserver"
      },
      "engines": {
        "node": ">=14.17"
      }
    },
    "node_modules/@shapeshift-labs/frontier-state-cache": {
      "resolved": "../frontier-state-cache",
      "link": true
    },
    "node_modules/typescript": {
      "version": "6.0.3",
      "dev": true,
      "license": "Apache-2.0",
      "bin": {
        "tsc": "bin/tsc",
        "tsserver": "bin/tsserver"
      },
      "engines": {
        "node": ">=14.17"
      }
    }
  }
}
